// !$*UTF8*$!
{
	archiveVersion = 1;
	classes = {
	};
	objectVersion = 50;
	objects = {

/* Begin PBXBuildFile section */
		BF8A1AF72473FACC00F9A1BB /* AppDelegate.swift in Sources */ = {isa = PBXBuildFile; fileRef = BF8A1AF62473FACC00F9A1BB /* AppDelegate.swift */; };
		BF8A1AF92473FACC00F9A1BB /* SceneDelegate.swift in Sources */ = {isa = PBXBuildFile; fileRef = BF8A1AF82473FACC00F9A1BB /* SceneDelegate.swift */; };
		BF8A1AFB2473FACC00F9A1BB /* ViewController.swift in Sources */ = {isa = PBXBuildFile; fileRef = BF8A1AFA2473FACC00F9A1BB /* ViewController.swift */; };
		BF8A1AFE2473FACC00F9A1BB /* Main.storyboard in Resources */ = {isa = PBXBuildFile; fileRef = BF8A1AFC2473FACC00F9A1BB /* Main.storyboard */; };
		BF8A1B002473FACE00F9A1BB /* Assets.xcassets in Resources */ = {isa = PBXBuildFile; fileRef = BF8A1AFF2473FACE00F9A1BB /* Assets.xcassets */; };
		BF8A1B032473FACE00F9A1BB /* LaunchScreen.storyboard in Resources */ = {isa = PBXBuildFile; fileRef = BF8A1B012473FACE00F9A1BB /* LaunchScreen.storyboard */; };
/* End PBXBuildFile section */

/* Begin PBXFileReference section */
		BF8A1AF32473FACC00F9A1BB /* DigitalNumber.app */ = {isa = PBXFileReference; explicitFileType = wrapper.application; includeInIndex = 0; path = DigitalNumber.app; sourceTree = BUILT_PRODUCTS_DIR; };
		BF8A1AF62473FACC00F9A1BB /* AppDelegate.swift */ = {isa = PBXFileReference; lastKnownFileType = sourcecode.swift; path = AppDelegate.swift; sourceTree = "<group>"; };
		BF8A1AF82473FACC00F9A1BB /* SceneDelegate.swift */ = {isa = PBXFileReference; lastKnownFileType = sourcecode.swift; path = SceneDelegate.swift; sourceTree = "<group>"; };
		BF8A1AFA2473FACC00F9A1BB /* ViewController.swift */ = {isa = PBXFileReference; lastKnownFileType = sourcecode.swift; path = ViewController.swift; sourceTree = "<group>"; };
		BF8A1AFD2473FACC00F9A1BB /* Base */ = {isa = PBXFileReference; lastKnownFileType = file.storyboard; name = Base; path = Base.lproj/Main.storyboard; sourceTree = "<group>"; };
		BF8A1AFF2473FACE00F9A1BB /* Assets.xcassets */ = {isa = PBXFileReference; lastKnownFileType = folder.assetcatalog; path = Assets.xcassets; sourceTree = "<group>"; };
		BF8A1B022473FACE00F9A1BB /* Base */ = {isa = PBXFileReference; lastKnownFileType = file.storyboard; name = Base; path = Base.lproj/LaunchScreen.storyboard; sourceTree = "<group>"; };
		BF8A1B042473FACE00F9A1BB /* Info.plist */ = {isa = PBXFileReference; lastKnownFileType = text.plist.xml; path = Info.plist; sourceTree = "<group>"; };
/* End PBXFileReference section */

/* Begin PBXFrameworksBuildPhase section */
		BF8A1AF02473FACC00F9A1BB /* Frameworks */ = {
			isa = PBXFrameworksBuildPhase;
			buildActionMask = 2147483647;
			files = (
			);
			runOnlyForDeploymentPostprocessing = 0;
		};
/* End PBXFrameworksBuildPhase section */

/* Begin PBXGroup section */
		BF8A1AEA2473FACC00F9A1BB = {
			isa = PBXGroup;
			children = (
				BF8A1AF52473FACC00F9A1BB /* DigitalNumber */,
				BF8A1AF42473FACC00F9A1BB /* Products */,
			);
			sourceTree = "<group>";
		};
		BF8A1AF42473FACC00F9A1BB /* Products */ = {
			isa = PBXGroup;
			children = (
				BF8A1AF32473FACC00F9A1BB /* DigitalNumber.app */,
			);
			name = Products;
			sourceTree = "<group>";
		};
		BF8A1AF52473FACC00F9A1BB /* DigitalNumber */ = {
			isa = PBXGroup;
			children = (
				BF8A1AF62473FACC00F9A1BB /* AppDelegate.swift */,
				BF8A1AF82473FACC00F9A1BB /* SceneDelegate.swift */,
				BF8A1AFA2473FACC00F9A1BB /* ViewController.swift */,
				BF8A1AFC2473FACC00F9A1BB /* Main.storyboard */,
				BF8A1AFF2473FACE00F9A1BB /* Assets.xcassets */,
				BF8A1B012473FACE00F9A1BB /* LaunchScreen.storyboard */,
				BF8A1B042473FACE00F9A1BB /* Info.plist */,
			);
			path = DigitalNumber;
			sourceTree = "<group>";
		};
/* End PBXGroup section */

/* Begin PBXNativeTarget section */
		BF8A1AF22473FACC00F9A1BB /* DigitalNumber */ = {
			isa = PBXNativeTarget;
			buildConfigurationList = BF8A1B072473FACE00F9A1BB /* Build configuration list for PBXNativeTarget "DigitalNumber" */;
			buildPhases = (
				BF8A1AEF2473FACC00F9A1BB /* Sources */,
				BF8A1AF02473FACC00F9A1BB /* Frameworks */,
				BF8A1AF12473FACC00F9A1BB /* Resources */,
			);
			buildRules = (
			);
			dependencies = (
			);
			name = DigitalNumber;
			productName = DigitalNumber;
			productReference = BF8A1AF32473FACC00F9A1BB /* DigitalNumber.app */;
			productType = "com.apple.product-type.application";
		};
/* End PBXNativeTarget section */

/* Begin PBXProject section */
		BF8A1AEB2473FACC00F9A1BB /* Project object */ = {
			isa = PBXProject;
			attributes = {
				LastSwiftUpdateCheck = 1140;
				LastUpgradeCheck = 1140;
				ORGANIZATIONNAME = "李雨龙";
				TargetAttributes = {
					BF8A1AF22473FACC00F9A1BB = {
						CreatedOnToolsVersion = 11.4;
					};
				};
			};
			buildConfigurationList = BF8A1AEE2473FACC00F9A1BB /* Build configuration list for PBXProject "DigitalNumber" */;
			compatibilityVersion = "Xcode 9.3";
			developmentRegion = en;
			hasScannedForEncodings = 0;
			knownRegions = (
				en,
				Base,
			);
			mainGroup = BF8A1AEA2473FACC00F9A1BB;
			productRefGroup = BF8A1AF42473FACC00F9A1BB /* Products */;
			projectDirPath = "";
			projectRoot = "";
			targets = (
				BF8A1AF22473FACC00F9A1BB /* DigitalNumber */,
			);
		};
/* End PBXProject section */

/* Begin PBXResourcesBuildPhase section */
		BF8A1AF12473FACC00F9A1BB /* Resources */ = {
			isa = PBXResourcesBuildPhase;
			buildActionMask = 2147483647;
			files = (
				BF8A1B032473FACE00F9A1BB /* LaunchScreen.storyboard in Resources */,
				BF8A1B002473FACE00F9A1BB /* Assets.xcassets in Resources */,
				BF8A1AFE2473FACC00F9A1BB /* Main.storyboard in Resources */,
			);
			runOnlyForDeploymentPostprocessing = 0;
		};
/* End PBXResourcesBuildPhase section */

/* Begin PBXSourcesBuildPhase section */
		BF8A1AEF2473FACC00F9A1BB /* Sources */ = {
			isa = PBXSourcesBuildPhase;
			buildActionMask = 2147483647;
			files = (
				BF8A1AFB2473FACC00F9A1BB /* ViewController.swift in Sources */,
				BF8A1AF72473FACC00F9A1BB /* AppDelegate.swift in Sources */,
				BF8A1AF92473FACC00F9A1BB /* SceneDelegate.swift in Sources */,
			);
			runOnlyForDeploymentPostprocessing = 0;
		};
/* End PBXSourcesBuildPhase section */

/* Begin PBXVariantGroup section */
		BF8A1AFC2473FACC00F9A1BB /* Main.storyboard */ = {
			isa = PBXVariantGroup;
			children = (
				BF8A1AFD2473FACC00F9A1BB /* Base */,
			);
			name = Main.storyboard;
			sourceTree = "<group>";
		};
		BF8A1B012473FACE00F9A1BB /* LaunchScreen.storyboard */ = {
			isa = PBXVariantGroup;
			children = (
				BF8A1B022473FACE00F9A1BB /* Base */,
			);
			name = LaunchScreen.storyboard;
			sourceTree = "<group>";
		};
/* End PBXVariantGroup section */

/* Begin XCBuildConfiguration section */
		BF8A1B052473FACE00F9A1BB /* Debug */ = {
			isa = XCBuildConfiguration;
			buildSettings = {
				ALWAYS_SEARCH_USER_PATHS = NO;
				CLANG_ANALYZER_NONNULL = YES;
				CLANG_ANALYZER_NUMBER_OBJECT_CONVERSION = YES_AGGRESSIVE;
				CLANG_CXX_LANGUAGE_STANDARD = "gnu++14";
				CLANG_CXX_LIBRARY = "libc++";
				CLANG_ENABLE_MODULES = YES;
				CLANG_ENABLE_OBJC_ARC = YES;
				CLANG_ENABLE_OBJC_WEAK = YES;
				CLANG_WARN_BLOCK_CAPTURE_AUTORELEASING = YES;
				CLANG_WARN_BOOL_CONVERSION = YES;
				CLANG_WARN_COMMA = YES;
				CLANG_WARN_CONSTANT_CONVERSION = YES;
				CLANG_WARN_DEPRECATED_OBJC_IMPLEMENTATIONS = YES;
				CLANG_WARN_DIRECT_OBJC_ISA_USAGE = YES_ERROR;
				CLANG_WARN_DOCUMENTATION_COMMENTS = YES;
				CLANG_WARN_EMPTY_BODY = YES;
				CLANG_WARN_ENUM_CONVERSION = YES;
				CLANG_WARN_INFINITE_RECURSION = YES;
				CLANG_WARN_INT_CONVERSION = YES;
				CLANG_WARN_NON_LITERAL_NULL_CONVERSION = YES;
				CLANG_WARN_OBJC_IMPLICIT_RETAIN_SELF = YES;
				CLANG_WARN_OBJC_LITERAL_CONVERSION = YES;
				CLANG_WARN_OBJC_ROOT_CLASS = YES_ERROR;
				CLANG_WARN_RANGE_LOOP_ANALYSIS = YES;
				CLANG_WARN_STRICT_PROTOTYPES = YES;
				CLANG_WARN_SUSPICIOUS_MOVE = YES;
				CLANG_WARN_UNGUARDED_AVAILABILITY = YES_AGGRESSIVE;
				CLANG_WARN_UNREACHABLE_CODE = YES;
				CLANG_WARN__DUPLICATE_METHOD_MATCH = YES;
				COPY_PHASE_STRIP = NO;
				DEBUG_INFORMATION_FORMAT = dwarf;
				ENABLE_STRICT_OBJC_MSGSEND = YES;
				ENABLE_TESTABILITY = YES;
				GCC_C_LANGUAGE_STANDARD = gnu11;
				GCC_DYNAMIC_NO_PIC = NO;
				GCC_NO_COMMON_BLOCKS = YES;
				GCC_OPTIMIZATION_LEVEL = 0;
				GCC_PREPROCESSOR_DEFINITIONS = (
					"DEBUG=1",
					"$(inherited)",
				);
				GCC_WARN_64_TO_32_BIT_CONVERSION = YES;
				GCC_WARN_ABOUT_RETURN_TYPE = YES_ERROR;
				GCC_WARN_UNDECLARED_SELECTOR = YES;
				GCC_WARN_UNINITIALIZED_AUTOS = YES_AGGRESSIVE;
				GCC_WARN_UNUSED_FUNCTION = YES;
				GCC_WARN_UNUSED_VARIABLE = YES;
				IPHONEOS_DEPLOYMENT_TARGET = 13.4;
				MTL_ENABLE_DEBUG_INFO = INCLUDE_SOURCE;
				MTL_FAST_MATH = YES;
				ONLY_ACTIVE_ARCH = YES;
				SDKROOT = iphoneos;
				SWIFT_ACTIVE_COMPILATION_CONDITIONS = DEBUG;
				SWIFT_OPTIMIZATION_LEVEL = "-Onone";
			};
			name = Debug;
		};
		BF8A1B062473FACE00F9A1BB /* Release */ = {
			isa = XCBuildConfiguration;
			buildSettings = {
				ALWAYS_SEARCH_USER_PATHS = NO;
				CLANG_ANALYZER_NONNULL = YES;
				CLANG_ANALYZER_NUMBER_OBJECT_CONVERSION = YES_AGGRESSIVE;
				CLANG_CXX_LANGUAGE_STANDARD = "gnu++14";
				CLANG_CXX_LIBRARY = "libc++";
				CLANG_ENABLE_MODULES = YES;
				CLANG_ENABLE_OBJC_ARC = YES;
				CLANG_ENABLE_OBJC_WEAK = YES;
				CLANG_WARN_BLOCK_CAPTURE_AUTORELEASING = YES;
				CLANG_WARN_BOOL_CONVERSION = YES;
				CLANG_WARN_COMMA = YES;
				CLANG_WARN_CONSTANT_CONVERSION = YES;
				CLANG_WARN_DEPRECATED_OBJC_IMPLEMENTATIONS = YES;
				CLANG_WARN_DIRECT_OBJC_ISA_USAGE = YES_ERROR;
				CLANG_WARN_DOCUMENTATION_COMMENTS = YES;
				CLANG_WARN_EMPTY_BODY = YES;
				CLANG_WARN_ENUM_CONVERSION = YES;
				CLANG_WARN_INFINITE_RECURSION = YES;
				CLANG_WARN_INT_CONVERSION = YES;
				CLANG_WARN_NON_LITERAL_NULL_CONVERSION = YES;
				CLANG_WARN_OBJC_IMPLICIT_RETAIN_SELF = YES;
				CLANG_WARN_OBJC_LITERAL_CONVERSION = YES;
				CLANG_WARN_OBJC_ROOT_CLASS = YES_ERROR;
				CLANG_WARN_RANGE_LOOP_ANALYSIS = YES;
				CLANG_WARN_STRICT_PROTOTYPES = YES;
				CLANG_WARN_SUSPICIOUS_MOVE = YES;
				CLANG_WARN_UNGUARDED_AVAILABILITY = YES_AGGRESSIVE;
				CLANG_WARN_UNREACHABLE_CODE = YES;
				CLANG_WARN__DUPLICATE_METHOD_MATCH = YES;
				COPY_PHASE_STRIP = NO;
				DEBUG_INFORMATION_FORMAT = "dwarf-with-dsym";
				ENABLE_NS_ASSERTIONS = NO;
				ENABLE_STRICT_OBJC_MSGSEND = YES;
				GCC_C_LANGUAGE_STANDARD = gnu11;
				GCC_NO_COMMON_BLOCKS = YES;
				GCC_WARN_64_TO_32_BIT_CONVERSION = YES;
				GCC_WARN_ABOUT_RETURN_TYPE = YES_ERROR;
				GCC_WARN_UNDECLARED_SELECTOR = YES;
				GCC_WARN_UNINITIALIZED_AUTOS = YES_AGGRESSIVE;
				GCC_WARN_UNUSED_FUNCTION = YES;
				GCC_WARN_UNUSED_VARIABLE = YES;
				IPHONEOS_DEPLOYMENT_TARGET = 13.4;
				MTL_ENABLE_DEBUG_INFO = NO;
				MTL_FAST_MATH = YES;
				SDKROOT = iphoneos;
				SWIFT_COMPILATION_MODE = wholemodule;
				SWIFT_OPTIMIZATION_LEVEL = "-O";
				VALIDATE_PRODUCT = YES;
			};
			name = Release;
		};
		BF8A1B082473FACE00F9A1BB /* Debug */ = {
			isa = XCBuildConfiguration;
			buildSettings = {
				ASSETCATALOG_COMPILER_APPICON_NAME = AppIcon;
				CODE_SIGN_STYLE = Automatic;
				INFOPLIST_FILE = DigitalNumber/Info.plist;
				LD_RUNPATH_SEARCH_PATHS = (
					"$(inherited)",
					"@executable_path/Frameworks",
				);
				PRODUCT_BUNDLE_IDENTIFIER = xsk.DigitalNumber;
				PRODUCT_NAME = "$(TARGET_NAME)";
				SWIFT_VERSION = 5.0;
				TARGETED_DEVICE_FAMILY = "1,2";
			};
			name = Debug;
		};
		BF8A1B092473FACE00F9A1BB /* Release */ = {
			isa = XCBuildConfiguration;
			buildSettings = {
				ASSETCATALOG_COMPILER_APPICON_NAME = AppIcon;
				CODE_SIGN_STYLE = Automatic;
				INFOPLIST_FILE = DigitalNumber/Info.plist;
				LD_RUNPATH_SEARCH_PATHS = (
					"$(inherited)",
					"@executable_path/Frameworks",
				);
				PRODUCT_BUNDLE_IDENTIFIER = xsk.DigitalNumber;
				PRODUCT_NAME = "$(TARGET_NAME)";
				SWIFT_VERSION = 5.0;
				TARGETED_DEVICE_FAMILY = "1,2";
			};
			name = Release;
		};
/* End XCBuildConfiguration section */

/* Begin XCConfigurationList section */
		BF8A1AEE2473FACC00F9A1BB /* Build configuration list for PBXProject "DigitalNumber" */ = {
			isa = XCConfigurationList;
			buildConfigurations = (
				BF8A1B052473FACE00F9A1BB /* Debug */,
				BF8A1B062473FACE00F9A1BB /* Release */,
			);
			defaultConfigurationIsVisible = 0;
			defaultConfigurationName = Release;
		};
		BF8A1B072473FACE00F9A1BB /* Build configuration list for PBXNativeTarget "DigitalNumber" */ = {
			isa = XCConfigurationList;
			buildConfigurations = (
				BF8A1B082473FACE00F9A1BB /* Debug */,
				BF8A1B092473FACE00F9A1BB /* Release */,
			);
			defaultConfigurationIsVisible = 0;
			defaultConfigurationName = Release;
		};
/* End XCConfigurationList section */
	};
	rootObject = BF8A1AEB2473FACC00F9A1BB /* Project object */;
}
